schema: '2.0'
stages:
  prepare:
    cmd: python -m src.data.prepare
    deps:
    - path: data/raw
      hash: md5
      md5: d0c4bb7754aa9cd4d857f7306d1ce482.dir
      size: 28201919
      nfiles: 3600
    - path: src/data/prepare.py
      hash: md5
      md5: 07f55d44d0414df558c4b6ba8560d952
      size: 4547
    params:
      params.yaml:
        data:
          raw_train_dir: data/raw/NEU-DET/train/images
          raw_validation_dir: data/raw/NEU-DET/validation/images
          processed_dir: data/processed
          validation_fraction_from_original_validation: 0.5
          allowed_extensions:
          - .jpg
        project:
          name: visionops-defect-detection
          seed: 42
    outs:
    - path: data/processed
      hash: md5
      md5: f06f6909a54c5148a1eb2a66230da919.dir
      size: 26791719
      nfiles: 1801
  train:
    cmd: python -m src.training.train
    deps:
    - path: data/processed
      hash: md5
      md5: f06f6909a54c5148a1eb2a66230da919.dir
      size: 26791719
      nfiles: 1801
    - path: src/data/dataset.py
      hash: md5
      md5: 5d61913d9a6d138f2682ec26607d710e
      size: 2186
    - path: src/models/classifier.py
      hash: md5
      md5: 9b644602deaa118dbe00b116553f8fa3
      size: 1099
    - path: src/training/train.py
      hash: md5
      md5: 62efc1a5d70d225f73ddfd51ee478723
      size: 8581
    params:
      params.yaml:
        data:
          raw_train_dir: data/raw/NEU-DET/train/images
          raw_validation_dir: data/raw/NEU-DET/validation/images
          processed_dir: data/processed
          validation_fraction_from_original_validation: 0.5
          allowed_extensions:
          - .jpg
        mlflow:
          experiment_name: visionops-defect-classification
          registered_model_name: visionops-defect-classifier
        training:
          batch_size: 32
          head_epochs: 3
          head_learning_rate: 0.001
          finetune_epochs: 3
          finetune_learning_rate: 0.0001
    outs:
    - path: artifacts/best_model.pt
      hash: md5
      md5: c0cc9a62fdd6734d7f696eef3abc090c
      size: 44798219
  evaluate:
    cmd: python -m src.evaluation.evaluate
    deps:
    - path: artifacts/best_model.pt
      hash: md5
      md5: c0cc9a62fdd6734d7f696eef3abc090c
      size: 44798219
    - path: data/processed
      hash: md5
      md5: f06f6909a54c5148a1eb2a66230da919.dir
      size: 26791719
      nfiles: 1801
    - path: src/data/dataset.py
      hash: md5
      md5: 5d61913d9a6d138f2682ec26607d710e
      size: 2186
    - path: src/evaluation/evaluate.py
      hash: md5
      md5: 3af632942bf8a57458f9aae14e9d35dd
      size: 3648
    - path: src/models/classifier.py
      hash: md5
      md5: 9b644602deaa118dbe00b116553f8fa3
      size: 1099
    params:
      params.yaml:
        data:
          raw_train_dir: data/raw/NEU-DET/train/images
          raw_validation_dir: data/raw/NEU-DET/validation/images
          processed_dir: data/processed
          validation_fraction_from_original_validation: 0.5
          allowed_extensions:
          - .jpg
        training:
          batch_size: 32
          head_epochs: 3
          head_learning_rate: 0.001
          finetune_epochs: 3
          finetune_learning_rate: 0.0001
    outs:
    - path: artifacts/metrics.json
      hash: md5
      md5: c6e24948ce08036976411e30da90ba5f
      size: 1406
  quality_gate:
    cmd: python -m src.evaluation.quality_gate
    deps:
    - path: artifacts/metrics.json
      hash: md5
      md5: c6e24948ce08036976411e30da90ba5f
      size: 1406
    - path: src/evaluation/quality_gate.py
      hash: md5
      md5: f8f69ae1b4d2e786f7eb6b07a0c0b9ba
      size: 781
    params:
      params.yaml:
        evaluation:
          minimum_macro_f1: 0.8
  register:
    cmd: python -m src.registry.register
    deps:
    - path: artifacts/best_model.pt
      hash: md5
      md5: 6323a3552c1c7856e13f506f522126bb
      size: 44798219
    - path: artifacts/metrics.json
      hash: md5
      md5: c5a46de2933311b9557c3762ccc3a917
      size: 1392
    - path: src/models/classifier.py
      hash: md5
      md5: 9b644602deaa118dbe00b116553f8fa3
      size: 1099
    - path: src/registry/register.py
      hash: md5
      md5: 58ec06a9deae4cccb47a02b7bb958a4b
      size: 1958
    params:
      params.yaml:
        mlflow:
          experiment_name: visionops-defect-classification
          registered_model_name: visionops-defect-classifier
  promote:
    cmd: python -m src.registry.promote
    deps:
    - path: src/registry/promote.py
      hash: md5
      md5: 875595a13d78289f9192a56c13a583d2
      size: 902
    params:
      params.yaml:
        mlflow:
          experiment_name: visionops-defect-classification
          registered_model_name: visionops-defect-classifier
  drift_report:
    cmd: python -m src.monitoring.drift --last-n 180
    deps:
    - path: artifacts/predictions.jsonl
      hash: md5
      md5: afff82d81af5b36112acbb9395581c73
      size: 77567
    - path: src/monitoring/drift.py
      hash: md5
      md5: d5460894a83890aaa30085518e1ade6b
      size: 2782
    outs:
    - path: artifacts/drift_report.json
      hash: md5
      md5: 380bf9cd98721975378d19ae4bd69f64
      size: 559
